
Microsoft Visual Studio Solution File, Format Version 12.00
# Visual Studio 15
VisualStudioVersion = 15.0.28307.1800
MinimumVisualStudioVersion = 10.0.40219.1
Project("{FAE04EC0-301F-11D3-BF4B-00C04F79EFBC}") = "OgreBattleNameEditor", "OgreBattleNameEditor\OgreBattleNameEditor.csproj", "{83723C0E-A5C7-4DFD-AF5E-16945E63D3DD}"
EndProject
Global
	GlobalSection(SolutionConfigurationPlatforms) = preSolution
		Debug|Any CPU = Debug|Any CPU
		Release|Any CPU = Release|Any CPU
	EndGlobalSection
	GlobalSection(ProjectConfigurationPlatforms) = postSolution
		{83723C0E-A5C7-4DFD-AF5E-16945E63D3DD}.Debug|Any CPU.ActiveCfg = Debug|Any CPU
		{83723C0E-A5C7-4DFD-AF5E-16945E63D3DD}.Debug|Any CPU.Build.0 = Debug|Any CPU
		{83723C0E-A5C7-4DFD-AF5E-16945E63D3DD}.Release|Any CPU.ActiveCfg = Release|Any CPU
		{83723C0E-A5C7-4DFD-AF5E-16945E63D3DD}.Release|Any CPU.Build.0 = Release|Any CPU
	EndGlobalSection
	GlobalSection(SolutionProperties) = preSolution
		HideSolutionNode = FALSE
	EndGlobalSection
	GlobalSection(ExtensibilityGlobals) = postSolution
		SolutionGuid = {1FA15E78-63CF-4386-956F-7AB65ACFB419}
	EndGlobalSection
EndGlobal
